
Microsoft Visual Studio Solution File, Format Version 12.00
# Visual Studio Version 17
VisualStudioVersion = 17.12.35527.113 d17.12
MinimumVisualStudioVersion = 10.0.40219.1
Project("{FAE04EC0-301F-11D3-BF4B-00C04F79EFBC}") = "BMI_Calulator", "BMI_Calulator\BMI_Calulator.csproj", "{175A7DCC-F159-470B-BF68-C1842FA25983}"
EndProject
Global
	GlobalSection(SolutionConfigurationPlatforms) = preSolution
		Debug|Any CPU = Debug|Any CPU
		Release|Any CPU = Release|Any CPU
	EndGlobalSection
	GlobalSection(ProjectConfigurationPlatforms) = postSolution
		{175A7DCC-F159-470B-BF68-C1842FA25983}.Debug|Any CPU.ActiveCfg = Debug|Any CPU
		{175A7DCC-F159-470B-BF68-C1842FA25983}.Debug|Any CPU.Build.0 = Debug|Any CPU
		{175A7DCC-F159-470B-BF68-C1842FA25983}.Release|Any CPU.ActiveCfg = Release|Any CPU
		{175A7DCC-F159-470B-BF68-C1842FA25983}.Release|Any CPU.Build.0 = Release|Any CPU
	EndGlobalSection
	GlobalSection(SolutionProperties) = preSolution
		HideSolutionNode = FALSE
	EndGlobalSection
EndGlobal
